
Microsoft Visual Studio Solution File, Format Version 12.00
# Visual Studio 15
VisualStudioVersion = 15.0.28307.539
MinimumVisualStudioVersion = 10.0.40219.1
Project("{FAE04EC0-301F-11D3-BF4B-00C04F79EFBC}") = "GoldbachsConjecture", "GoldbachsConjecture\GoldbachsConjecture.csproj", "{8D0ABDAD-4D6E-465B-8B7C-0DB75425CE4A}"
EndProject
Global
	GlobalSection(SolutionConfigurationPlatforms) = preSolution
		Debug|Any CPU = Debug|Any CPU
		Release|Any CPU = Release|Any CPU
	EndGlobalSection
	GlobalSection(ProjectConfigurationPlatforms) = postSolution
		{8D0ABDAD-4D6E-465B-8B7C-0DB75425CE4A}.Debug|Any CPU.ActiveCfg = Debug|Any CPU
		{8D0ABDAD-4D6E-465B-8B7C-0DB75425CE4A}.Debug|Any CPU.Build.0 = Debug|Any CPU
		{8D0ABDAD-4D6E-465B-8B7C-0DB75425CE4A}.Release|Any CPU.ActiveCfg = Release|Any CPU
		{8D0ABDAD-4D6E-465B-8B7C-0DB75425CE4A}.Release|Any CPU.Build.0 = Release|Any CPU
	EndGlobalSection
	GlobalSection(SolutionProperties) = preSolution
		HideSolutionNode = FALSE
	EndGlobalSection
	GlobalSection(ExtensibilityGlobals) = postSolution
		SolutionGuid = {B686464E-C9A6-475D-B097-DD6B87375E64}
	EndGlobalSection
EndGlobal
